
Microsoft Visual Studio Solution File, Format Version 12.00
# Visual Studio Version 17
VisualStudioVersion = 17.10.34607.79
MinimumVisualStudioVersion = 10.0.40219.1
Project("{FAE04EC0-301F-11D3-BF4B-00C04F79EFBC}") = "Denila-SBIT-2G", "Denila-SBIT-2G\Denila-SBIT-2G.csproj", "{D967F470-1C05-4051-A266-DF1BECAAB0CA}"
EndProject
Global
	GlobalSection(SolutionConfigurationPlatforms) = preSolution
		Debug|Any CPU = Debug|Any CPU
		Release|Any CPU = Release|Any CPU
	EndGlobalSection
	GlobalSection(ProjectConfigurationPlatforms) = postSolution
		{D967F470-1C05-4051-A266-DF1BECAAB0CA}.Debug|Any CPU.ActiveCfg = Debug|Any CPU
		{D967F470-1C05-4051-A266-DF1BECAAB0CA}.Debug|Any CPU.Build.0 = Debug|Any CPU
		{D967F470-1C05-4051-A266-DF1BECAAB0CA}.Release|Any CPU.ActiveCfg = Release|Any CPU
		{D967F470-1C05-4051-A266-DF1BECAAB0CA}.Release|Any CPU.Build.0 = Release|Any CPU
	EndGlobalSection
	GlobalSection(SolutionProperties) = preSolution
		HideSolutionNode = FALSE
	EndGlobalSection
	GlobalSection(ExtensibilityGlobals) = postSolution
		SolutionGuid = {13C3A440-E596-4852-B664-E30467A99329}
	EndGlobalSection
EndGlobal
